// !$*UTF8*$!
{
	archiveVersion = 1;
	classes = {
	};
	objectVersion = 50;
	objects = {

/* Begin PBXBuildFile section */
		07C4800CA15200AF8FCB0327 /* libPods-HealthStarButler.a in Frameworks */ = {isa = PBXBuildFile; fileRef = 2B579027A93EBEB1273A4BD5 /* libPods-HealthStarButler.a */; };
		5D1AC62E209ABA3B00FB16C9 /* MEDHomeMonitorCell.m in Sources */ = {isa = PBXBuildFile; fileRef = 5D1AC62D209ABA3B00FB16C9 /* MEDHomeMonitorCell.m */; };
		5D4A47FC208F092A007DAD29 /* MEDUserLoginController.m in Sources */ = {isa = PBXBuildFile; fileRef = 5D4A47FB208F092A007DAD29 /* MEDUserLoginController.m */; };
		5D4A47FF208F0BC5007DAD29 /* MEDUserModel.m in Sources */ = {isa = PBXBuildFile; fileRef = 5D4A47FE208F0BC5007DAD29 /* MEDUserModel.m */; };
		5D4A480A20906142007DAD29 /* MEDMobileNumberTool.m in Sources */ = {isa = PBXBuildFile; fileRef = 5D4A480920906142007DAD29 /* MEDMobileNumberTool.m */; };
		5D4A480D2090672E007DAD29 /* NSObject+MED.m in Sources */ = {isa = PBXBuildFile; fileRef = 5D4A480C2090672E007DAD29 /* NSObject+MED.m */; };
		5D4A4811209070A0007DAD29 /* MEDProgressHUD.m in Sources */ = {isa = PBXBuildFile; fileRef = 5D4A4810209070A0007DAD29 /* MEDProgressHUD.m */; };
		5D4A48202091AAFD007DAD29 /* MEDManageHorizontalCell.m in Sources */ = {isa = PBXBuildFile; fileRef = 5D4A481D2091AAFD007DAD29 /* MEDManageHorizontalCell.m */; };
		5D4A48212091AAFD007DAD29 /* MEDManageVerticalCell.m in Sources */ = {isa = PBXBuildFile; fileRef = 5D4A481F2091AAFD007DAD29 /* MEDManageVerticalCell.m */; };
		5D4A48242091AB03007DAD29 /* MEDManageVerticalCell.xib in Resources */ = {isa = PBXBuildFile; fileRef = 5D4A48222091AB03007DAD29 /* MEDManageVerticalCell.xib */; };
		5D4A48252091AB03007DAD29 /* MEDManageHorizontalCell.xib in Resources */ = {isa = PBXBuildFile; fileRef = 5D4A48232091AB03007DAD29 /* MEDManageHorizontalCell.xib */; };
		5D8207AF2099536C00B84C1E /* MEDScoreOperationView.m in Sources */ = {isa = PBXBuildFile; fileRef = 5D8207AE2099536C00B84C1E /* MEDScoreOperationView.m */; };
		5D8207EC2099A50500B84C1E /* MEDCompanyRankingController.m in Sources */ = {isa = PBXBuildFile; fileRef = 5D8207B32099A50500B84C1E /* MEDCompanyRankingController.m */; };
		5D8207ED2099A50500B84C1E /* MEDCompanyRankModel.m in Sources */ = {isa = PBXBuildFile; fileRef = 5D8207B52099A50500B84C1E /* MEDCompanyRankModel.m */; };
		5D8207EE2099A50500B84C1E /* MEDCompanyRankCell.xib in Resources */ = {isa = PBXBuildFile; fileRef = 5D8207B92099A50500B84C1E /* MEDCompanyRankCell.xib */; };
		5D8207EF2099A50500B84C1E /* MEDCompanyRankHeadView.xib in Resources */ = {isa = PBXBuildFile; fileRef = 5D8207BB2099A50500B84C1E /* MEDCompanyRankHeadView.xib */; };
		5D8207F02099A50500B84C1E /* MEDCompanyRankHeadView.m in Sources */ = {isa = PBXBuildFile; fileRef = 5D8207BC2099A50500B84C1E /* MEDCompanyRankHeadView.m */; };
		5D8207F12099A50500B84C1E /* MEDCompanyRankCell.m in Sources */ = {isa = PBXBuildFile; fileRef = 5D8207BD2099A50500B84C1E /* MEDCompanyRankCell.m */; };
		5D8207F22099A50500B84C1E /* MEDHomePhysiologyController.m in Sources */ = {isa = PBXBuildFile; fileRef = 5D8207C02099A50500B84C1E /* MEDHomePhysiologyController.m */; };
		5D8207F32099A50500B84C1E /* MEDHomePhysiologyModel.m in Sources */ = {isa = PBXBuildFile; fileRef = 5D8207C32099A50500B84C1E /* MEDHomePhysiologyModel.m */; };
		5D8207F42099A50500B84C1E /* MEDHomePhysiologyBloodPressureCell.xib in Resources */ = {isa = PBXBuildFile; fileRef = 5D8207C62099A50500B84C1E /* MEDHomePhysiologyBloodPressureCell.xib */; };
		5D8207F52099A50500B84C1E /* MEDHomePhysiologyWaistlineCell.m in Sources */ = {isa = PBXBuildFile; fileRef = 5D8207C72099A50500B84C1E /* MEDHomePhysiologyWaistlineCell.m */; };
		5D8207F62099A50500B84C1E /* MEDHomePhysiologyWaistlineCell.xib in Resources */ = {isa = PBXBuildFile; fileRef = 5D8207C82099A50500B84C1E /* MEDHomePhysiologyWaistlineCell.xib */; };
		5D8207F72099A50500B84C1E /* MEDHomePhysiologyBloodPressureCell.m in Sources */ = {isa = PBXBuildFile; fileRef = 5D8207CB2099A50500B84C1E /* MEDHomePhysiologyBloodPressureCell.m */; };
		5D8207F82099A50500B84C1E /* MEDHomePhysiologyBloodGlucoseCell.xib in Resources */ = {isa = PBXBuildFile; fileRef = 5D8207CC2099A50500B84C1E /* MEDHomePhysiologyBloodGlucoseCell.xib */; };
		5D8207F92099A50500B84C1E /* MEDHomePhysiologyweightCell.xib in Resources */ = {isa = PBXBuildFile; fileRef = 5D8207CE2099A50500B84C1E /* MEDHomePhysiologyweightCell.xib */; };
		5D8207FA2099A50500B84C1E /* MEDHomePhysiologyBloodGlucoseCell.m in Sources */ = {isa = PBXBuildFile; fileRef = 5D8207D02099A50500B84C1E /* MEDHomePhysiologyBloodGlucoseCell.m */; };
		5D8207FB2099A50500B84C1E /* MEDHomePhysiologyweightCell.m in Sources */ = {isa = PBXBuildFile; fileRef = 5D8207D12099A50500B84C1E /* MEDHomePhysiologyweightCell.m */; };
		5D8207FC2099A50500B84C1E /* MEDHomeLifeHabitController.m in Sources */ = {isa = PBXBuildFile; fileRef = 5D8207D52099A50500B84C1E /* MEDHomeLifeHabitController.m */; };
		5D8207FD2099A50500B84C1E /* MEDHomeHabitSportCell.m in Sources */ = {isa = PBXBuildFile; fileRef = 5D8207D82099A50500B84C1E /* MEDHomeHabitSportCell.m */; };
		5D8207FE2099A50500B84C1E /* MEDHomeHabitFoodCell.m in Sources */ = {isa = PBXBuildFile; fileRef = 5D8207D92099A50500B84C1E /* MEDHomeHabitFoodCell.m */; };
		5D8207FF2099A50500B84C1E /* MEDHomeHabitSleepCell.m in Sources */ = {isa = PBXBuildFile; fileRef = 5D8207DA2099A50500B84C1E /* MEDHomeHabitSleepCell.m */; };
		5D8208002099A50500B84C1E /* MEDHomeHabitSportCell.xib in Resources */ = {isa = PBXBuildFile; fileRef = 5D8207DB2099A50500B84C1E /* MEDHomeHabitSportCell.xib */; };
		5D8208012099A50500B84C1E /* MEDHomeHabitFoodCell.xib in Resources */ = {isa = PBXBuildFile; fileRef = 5D8207DE2099A50500B84C1E /* MEDHomeHabitFoodCell.xib */; };
		5D8208022099A50500B84C1E /* MEDHomeHabitSleepCell.xib in Resources */ = {isa = PBXBuildFile; fileRef = 5D8207DF2099A50500B84C1E /* MEDHomeHabitSleepCell.xib */; };
		5D8208032099A50500B84C1E /* MEDHomeComplianceController.m in Sources */ = {isa = PBXBuildFile; fileRef = 5D8207E42099A50500B84C1E /* MEDHomeComplianceController.m */; };
		5D8208042099A50500B84C1E /* MEDHomeComplianceModel.m in Sources */ = {isa = PBXBuildFile; fileRef = 5D8207E62099A50500B84C1E /* MEDHomeComplianceModel.m */; };
		5D8208052099A50500B84C1E /* MEDHomeComplianceCell.xib in Resources */ = {isa = PBXBuildFile; fileRef = 5D8207E92099A50500B84C1E /* MEDHomeComplianceCell.xib */; };
		5D8208062099A50500B84C1E /* MEDHomeComplianceCell.m in Sources */ = {isa = PBXBuildFile; fileRef = 5D8207EA2099A50500B84C1E /* MEDHomeComplianceCell.m */; };
		5D829A202085C7D1001993B6 /* AppDelegate.m in Sources */ = {isa = PBXBuildFile; fileRef = 5D829A1F2085C7D1001993B6 /* AppDelegate.m */; };
		5D829A262085C7D1001993B6 /* Main.storyboard in Resources */ = {isa = PBXBuildFile; fileRef = 5D829A242085C7D1001993B6 /* Main.storyboard */; };
		5D829A282085C7D1001993B6 /* Assets.xcassets in Resources */ = {isa = PBXBuildFile; fileRef = 5D829A272085C7D1001993B6 /* Assets.xcassets */; };
		5D829A2B2085C7D1001993B6 /* LaunchScreen.storyboard in Resources */ = {isa = PBXBuildFile; fileRef = 5D829A292085C7D1001993B6 /* LaunchScreen.storyboard */; };
		5D829A2E2085C7D1001993B6 /* main.m in Sources */ = {isa = PBXBuildFile; fileRef = 5D829A2D2085C7D1001993B6 /* main.m */; };
		5D829A4B2085D5DB001993B6 /* UIView+MED.m in Sources */ = {isa = PBXBuildFile; fileRef = 5D829A492085D5DB001993B6 /* UIView+MED.m */; };
		5D829A5E2085D73F001993B6 /* MEDNetClient.m in Sources */ = {isa = PBXBuildFile; fileRef = 5D829A582085D73F001993B6 /* MEDNetClient.m */; };
		5D829A5F2085D73F001993B6 /* MEDDataRequest.m in Sources */ = {isa = PBXBuildFile; fileRef = 5D829A592085D73F001993B6 /* MEDDataRequest.m */; };
		5D829A602085D73F001993B6 /* MEDNetStatusManager.m in Sources */ = {isa = PBXBuildFile; fileRef = 5D829A5A2085D73F001993B6 /* MEDNetStatusManager.m */; };
		5D829A652085D7E2001993B6 /* MEDTabBarControllerConfig.m in Sources */ = {isa = PBXBuildFile; fileRef = 5D829A612085D7E1001993B6 /* MEDTabBarControllerConfig.m */; };
		5D829A662085D7E2001993B6 /* MEDTabBarMidButton.m in Sources */ = {isa = PBXBuildFile; fileRef = 5D829A622085D7E1001993B6 /* MEDTabBarMidButton.m */; };
		5D829A692085D8C9001993B6 /* MEDNavigationController.m in Sources */ = {isa = PBXBuildFile; fileRef = 5D829A682085D8C9001993B6 /* MEDNavigationController.m */; };
		5D829A752085D981001993B6 /* MEDConsultationController.m in Sources */ = {isa = PBXBuildFile; fileRef = 5D829A742085D981001993B6 /* MEDConsultationController.m */; };
		5D829A8A2085DA07001993B6 /* MEDHomePageController.m in Sources */ = {isa = PBXBuildFile; fileRef = 5D829A892085DA07001993B6 /* MEDHomePageController.m */; };
		5D829A8D2085DA21001993B6 /* MEDTreatmentGuideController.m in Sources */ = {isa = PBXBuildFile; fileRef = 5D829A8C2085DA21001993B6 /* MEDTreatmentGuideController.m */; };
		5D829A902085DA35001993B6 /* MEDInformationController.m in Sources */ = {isa = PBXBuildFile; fileRef = 5D829A8F2085DA35001993B6 /* MEDInformationController.m */; };
		5D829A932085DA47001993B6 /* MEDMineController.m in Sources */ = {isa = PBXBuildFile; fileRef = 5D829A922085DA47001993B6 /* MEDMineController.m */; };
		5D829A962085DAC3001993B6 /* MEDManagementController.m in Sources */ = {isa = PBXBuildFile; fileRef = 5D829A952085DAC3001993B6 /* MEDManagementController.m */; };
		5D829A9A2085DCC6001993B6 /* Reachability.m in Sources */ = {isa = PBXBuildFile; fileRef = 5D829A982085DCC6001993B6 /* Reachability.m */; };
		5D829A9D2085E36B001993B6 /* MEDBaseViewController.m in Sources */ = {isa = PBXBuildFile; fileRef = 5D829A9C2085E36B001993B6 /* MEDBaseViewController.m */; };
		5D97AE8C2089C493007D586A /* MZPlusButton.m in Sources */ = {isa = PBXBuildFile; fileRef = 5D97AE8B2089C493007D586A /* MZPlusButton.m */; };
		5DC39F8D2091D10C000D1B26 /* MEDAlertMananger.m in Sources */ = {isa = PBXBuildFile; fileRef = 5DC39F8C2091D10C000D1B26 /* MEDAlertMananger.m */; };
		5DC39F902091D56F000D1B26 /* MEDHomeRankScoreCell.m in Sources */ = {isa = PBXBuildFile; fileRef = 5DC39F8F2091D56F000D1B26 /* MEDHomeRankScoreCell.m */; };
		5DC39F992092BFF9000D1B26 /* MEDScoreProgressBar.m in Sources */ = {isa = PBXBuildFile; fileRef = 5DC39F982092BFF9000D1B26 /* MEDScoreProgressBar.m */; };
		5DC39F9C2092D637000D1B26 /* MEDScoreButton.m in Sources */ = {isa = PBXBuildFile; fileRef = 5DC39F9B2092D637000D1B26 /* MEDScoreButton.m */; };
		5DC39FA220932773000D1B26 /* MEDBaseWebViewController.m in Sources */ = {isa = PBXBuildFile; fileRef = 5DC39FA120932773000D1B26 /* MEDBaseWebViewController.m */; };
		5DC39FA62093289A000D1B26 /* MEDHealthQuestionnaireController.m in Sources */ = {isa = PBXBuildFile; fileRef = 5DC39FA52093289A000D1B26 /* MEDHealthQuestionnaireController.m */; };
		5DC39FAC209440F2000D1B26 /* blockTestViewController.m in Sources */ = {isa = PBXBuildFile; fileRef = 5DC39FAB209440F2000D1B26 /* blockTestViewController.m */; };
/* End PBXBuildFile section */

/* Begin PBXFileReference section */
		0CCBCB3689727712DA7DC713 /* Pods-HealthStarButler.debug.xcconfig */ = {isa = PBXFileReference; includeInIndex = 1; lastKnownFileType = text.xcconfig; name = "Pods-HealthStarButler.debug.xcconfig"; path = "Pods/Target Support Files/Pods-HealthStarButler/Pods-HealthStarButler.debug.xcconfig"; sourceTree = "<group>"; };
		2B579027A93EBEB1273A4BD5 /* libPods-HealthStarButler.a */ = {isa = PBXFileReference; explicitFileType = archive.ar; includeInIndex = 0; path = "libPods-HealthStarButler.a"; sourceTree = BUILT_PRODUCTS_DIR; };
		5D1AC62C209ABA3B00FB16C9 /* MEDHomeMonitorCell.h */ = {isa = PBXFileReference; lastKnownFileType = sourcecode.c.h; path = MEDHomeMonitorCell.h; sourceTree = "<group>"; };
		5D1AC62D209ABA3B00FB16C9 /* MEDHomeMonitorCell.m */ = {isa = PBXFileReference; lastKnownFileType = sourcecode.c.objc; path = MEDHomeMonitorCell.m; sourceTree = "<group>"; };
		5D4A47FA208F092A007DAD29 /* MEDUserLoginController.h */ = {isa = PBXFileReference; lastKnownFileType = sourcecode.c.h; path = MEDUserLoginController.h; sourceTree = "<group>"; };
		5D4A47FB208F092A007DAD29 /* MEDUserLoginController.m */ = {isa = PBXFileReference; lastKnownFileType = sourcecode.c.objc; path = MEDUserLoginController.m; sourceTree = "<group>"; };
		5D4A47FD208F0BC5007DAD29 /* MEDUserModel.h */ = {isa = PBXFileReference; lastKnownFileType = sourcecode.c.h; path = MEDUserModel.h; sourceTree = "<group>"; };
		5D4A47FE208F0BC5007DAD29 /* MEDUserModel.m */ = {isa = PBXFileReference; lastKnownFileType = sourcecode.c.objc; path = MEDUserModel.m; sourceTree = "<group>"; };
		5D4A480820906142007DAD29 /* MEDMobileNumberTool.h */ = {isa = PBXFileReference; lastKnownFileType = sourcecode.c.h; path = MEDMobileNumberTool.h; sourceTree = "<group>"; };
		5D4A480920906142007DAD29 /* MEDMobileNumberTool.m */ = {isa = PBXFileReference; lastKnownFileType = sourcecode.c.objc; path = MEDMobileNumberTool.m; sourceTree = "<group>"; };
		5D4A480B2090672E007DAD29 /* NSObject+MED.h */ = {isa = PBXFileReference; lastKnownFileType = sourcecode.c.h; path = "NSObject+MED.h"; sourceTree = "<group>"; };
		5D4A480C2090672E007DAD29 /* NSObject+MED.m */ = {isa = PBXFileReference; lastKnownFileType = sourcecode.c.objc; path = "NSObject+MED.m"; sourceTree = "<group>"; };
		5D4A480F209070A0007DAD29 /* MEDProgressHUD.h */ = {isa = PBXFileReference; lastKnownFileType = sourcecode.c.h; path = MEDProgressHUD.h; sourceTree = "<group>"; };
		5D4A4810209070A0007DAD29 /* MEDProgressHUD.m */ = {isa = PBXFileReference; lastKnownFileType = sourcecode.c.objc; path = MEDProgressHUD.m; sourceTree = "<group>"; };
		5D4A481C2091AAFD007DAD29 /* MEDManageVerticalCell.h */ = {isa = PBXFileReference; fileEncoding = 4; lastKnownFileType = sourcecode.c.h; path = MEDManageVerticalCell.h; sourceTree = "<group>"; };
		5D4A481D2091AAFD007DAD29 /* MEDManageHorizontalCell.m */ = {isa = PBXFileReference; fileEncoding = 4; lastKnownFileType = sourcecode.c.objc; path = MEDManageHorizontalCell.m; sourceTree = "<group>"; };
		5D4A481E2091AAFD007DAD29 /* MEDManageHorizontalCell.h */ = {isa = PBXFileReference; fileEncoding = 4; lastKnownFileType = sourcecode.c.h; path = MEDManageHorizontalCell.h; sourceTree = "<group>"; };
		5D4A481F2091AAFD007DAD29 /* MEDManageVerticalCell.m */ = {isa = PBXFileReference; fileEncoding = 4; lastKnownFileType = sourcecode.c.objc; path = MEDManageVerticalCell.m; sourceTree = "<group>"; };
		5D4A48222091AB03007DAD29 /* MEDManageVerticalCell.xib */ = {isa = PBXFileReference; fileEncoding = 4; lastKnownFileType = file.xib; path = MEDManageVerticalCell.xib; sourceTree = "<group>"; };
		5D4A48232091AB03007DAD29 /* MEDManageHorizontalCell.xib */ = {isa = PBXFileReference; fileEncoding = 4; lastKnownFileType = file.xib; path = MEDManageHorizontalCell.xib; sourceTree = "<group>"; };
		5D8207AD2099536C00B84C1E /* MEDScoreOperationView.h */ = {isa = PBXFileReference; lastKnownFileType = sourcecode.c.h; path = MEDScoreOperationView.h; sourceTree = "<group>"; };
		5D8207AE2099536C00B84C1E /* MEDScoreOperationView.m */ = {isa = PBXFileReference; lastKnownFileType = sourcecode.c.objc; path = MEDScoreOperationView.m; sourceTree = "<group>"; };
		5D8207B22099A50500B84C1E /* MEDCompanyRankingController.h */ = {isa = PBXFileReference; fileEncoding = 4; lastKnownFileType = sourcecode.c.h; path = MEDCompanyRankingController.h; sourceTree = "<group>"; };
		5D8207B32099A50500B84C1E /* MEDCompanyRankingController.m */ = {isa = PBXFileReference; fileEncoding = 4; lastKnownFileType = sourcecode.c.objc; path = MEDCompanyRankingController.m; sourceTree = "<group>"; };
		5D8207B52099A50500B84C1E /* MEDCompanyRankModel.m */ = {isa = PBXFileReference; fileEncoding = 4; lastKnownFileType = sourcecode.c.objc; path = MEDCompanyRankModel.m; sourceTree = "<group>"; };
		5D8207B62099A50500B84C1E /* MEDCompanyRankModel.h */ = {isa = PBXFileReference; fileEncoding = 4; lastKnownFileType = sourcecode.c.h; path = MEDCompanyRankModel.h; sourceTree = "<group>"; };
		5D8207B82099A50500B84C1E /* MEDCompanyRankHeadView.h */ = {isa = PBXFileReference; fileEncoding = 4; lastKnownFileType = sourcecode.c.h; path = MEDCompanyRankHeadView.h; sourceTree = "<group>"; };
		5D8207B92099A50500B84C1E /* MEDCompanyRankCell.xib */ = {isa = PBXFileReference; fileEncoding = 4; lastKnownFileType = file.xib; path = MEDCompanyRankCell.xib; sourceTree = "<group>"; };
		5D8207BA2099A50500B84C1E /* MEDCompanyRankCell.h */ = {isa = PBXFileReference; fileEncoding = 4; lastKnownFileType = sourcecode.c.h; path = MEDCompanyRankCell.h; sourceTree = "<group>"; };
		5D8207BB2099A50500B84C1E /* MEDCompanyRankHeadView.xib */ = {isa = PBXFileReference; fileEncoding = 4; lastKnownFileType = file.xib; path = MEDCompanyRankHeadView.xib; sourceTree = "<group>"; };
		5D8207BC2099A50500B84C1E /* MEDCompanyRankHeadView.m */ = {isa = PBXFileReference; fileEncoding = 4; lastKnownFileType = sourcecode.c.objc; path = MEDCompanyRankHeadView.m; sourceTree = "<group>"; };
		5D8207BD2099A50500B84C1E /* MEDCompanyRankCell.m */ = {isa = PBXFileReference; fileEncoding = 4; lastKnownFileType = sourcecode.c.objc; path = MEDCompanyRankCell.m; sourceTree = "<group>"; };
		5D8207C02099A50500B84C1E /* MEDHomePhysiologyController.m */ = {isa = PBXFileReference; fileEncoding = 4; lastKnownFileType = sourcecode.c.objc; path = MEDHomePhysiologyController.m; sourceTree = "<group>"; };
		5D8207C12099A50500B84C1E /* MEDHomePhysiologyController.h */ = {isa = PBXFileReference; fileEncoding = 4; lastKnownFileType = sourcecode.c.h; path = MEDHomePhysiologyController.h; sourceTree = "<group>"; };
		5D8207C32099A50500B84C1E /* MEDHomePhysiologyModel.m */ = {isa = PBXFileReference; fileEncoding = 4; lastKnownFileType = sourcecode.c.objc; path = MEDHomePhysiologyModel.m; sourceTree = "<group>"; };
		5D8207C42099A50500B84C1E /* MEDHomePhysiologyModel.h */ = {isa = PBXFileReference; fileEncoding = 4; lastKnownFileType = sourcecode.c.h; path = MEDHomePhysiologyModel.h; sourceTree = "<group>"; };
		5D8207C62099A50500B84C1E /* MEDHomePhysiologyBloodPressureCell.xib */ = {isa = PBXFileReference; fileEncoding = 4; lastKnownFileType = file.xib; path = MEDHomePhysiologyBloodPressureCell.xib; sourceTree = "<group>"; };
		5D8207C72099A50500B84C1E /* MEDHomePhysiologyWaistlineCell.m */ = {isa = PBXFileReference; fileEncoding = 4; lastKnownFileType = sourcecode.c.objc; path = MEDHomePhysiologyWaistlineCell.m; sourceTree = "<group>"; };
		5D8207C82099A50500B84C1E /* MEDHomePhysiologyWaistlineCell.xib */ = {isa = PBXFileReference; fileEncoding = 4; lastKnownFileType = file.xib; path = MEDHomePhysiologyWaistlineCell.xib; sourceTree = "<group>"; };
		5D8207C92099A50500B84C1E /* MEDHomePhysiologyweightCell.h */ = {isa = PBXFileReference; fileEncoding = 4; lastKnownFileType = sourcecode.c.h; path = MEDHomePhysiologyweightCell.h; sourceTree = "<group>"; };
		5D8207CA2099A50500B84C1E /* MEDHomePhysiologyBloodGlucoseCell.h */ = {isa = PBXFileReference; fileEncoding = 4; lastKnownFileType = sourcecode.c.h; path = MEDHomePhysiologyBloodGlucoseCell.h; sourceTree = "<group>"; };
		5D8207CB2099A50500B84C1E /* MEDHomePhysiologyBloodPressureCell.m */ = {isa = PBXFileReference; fileEncoding = 4; lastKnownFileType = sourcecode.c.objc; path = MEDHomePhysiologyBloodPressureCell.m; sourceTree = "<group>"; };
		5D8207CC2099A50500B84C1E /* MEDHomePhysiologyBloodGlucoseCell.xib */ = {isa = PBXFileReference; fileEncoding = 4; lastKnownFileType = file.xib; path = MEDHomePhysiologyBloodGlucoseCell.xib; sourceTree = "<group>"; };
		5D8207CD2099A50500B84C1E /* MEDHomePhysiologyWaistlineCell.h */ = {isa = PBXFileReference; fileEncoding = 4; lastKnownFileType = sourcecode.c.h; path = MEDHomePhysiologyWaistlineCell.h; sourceTree = "<group>"; };
		5D8207CE2099A50500B84C1E /* MEDHomePhysiologyweightCell.xib */ = {isa = PBXFileReference; fileEncoding = 4; lastKnownFileType = file.xib; path = MEDHomePhysiologyweightCell.xib; sourceTree = "<group>"; };
		5D8207CF2099A50500B84C1E /* MEDHomePhysiologyBloodPressureCell.h */ = {isa = PBXFileReference; fileEncoding = 4; lastKnownFileType = sourcecode.c.h; path = MEDHomePhysiologyBloodPressureCell.h; sourceTree = "<group>"; };
		5D8207D02099A50500B84C1E /* MEDHomePhysiologyBloodGlucoseCell.m */ = {isa = PBXFileReference; fileEncoding = 4; lastKnownFileType = sourcecode.c.objc; path = MEDHomePhysiologyBloodGlucoseCell.m; sourceTree = "<group>"; };
		5D8207D12099A50500B84C1E /* MEDHomePhysiologyweightCell.m */ = {isa = PBXFileReference; fileEncoding = 4; lastKnownFileType = sourcecode.c.objc; path = MEDHomePhysiologyweightCell.m; sourceTree = "<group>"; };
		5D8207D42099A50500B84C1E /* MEDHomeLifeHabitController.h */ = {isa = PBXFileReference; fileEncoding = 4; lastKnownFileType = sourcecode.c.h; path = MEDHomeLifeHabitController.h; sourceTree = "<group>"; };
		5D8207D52099A50500B84C1E /* MEDHomeLifeHabitController.m */ = {isa = PBXFileReference; fileEncoding = 4; lastKnownFileType = sourcecode.c.objc; path = MEDHomeLifeHabitController.m; sourceTree = "<group>"; };
		5D8207D82099A50500B84C1E /* MEDHomeHabitSportCell.m */ = {isa = PBXFileReference; fileEncoding = 4; lastKnownFileType = sourcecode.c.objc; path = MEDHomeHabitSportCell.m; sourceTree = "<group>"; };
		5D8207D92099A50500B84C1E /* MEDHomeHabitFoodCell.m */ = {isa = PBXFileReference; fileEncoding = 4; lastKnownFileType = sourcecode.c.objc; path = MEDHomeHabitFoodCell.m; sourceTree = "<group>"; };
		5D8207DA2099A50500B84C1E /* MEDHomeHabitSleepCell.m */ = {isa = PBXFileReference; fileEncoding = 4; lastKnownFileType = sourcecode.c.objc; path = MEDHomeHabitSleepCell.m; sourceTree = "<group>"; };
		5D8207DB2099A50500B84C1E /* MEDHomeHabitSportCell.xib */ = {isa = PBXFileReference; fileEncoding = 4; lastKnownFileType = file.xib; path = MEDHomeHabitSportCell.xib; sourceTree = "<group>"; };
		5D8207DC2099A50500B84C1E /* MEDHomeHabitSportCell.h */ = {isa = PBXFileReference; fileEncoding = 4; lastKnownFileType = sourcecode.c.h; path = MEDHomeHabitSportCell.h; sourceTree = "<group>"; };
		5D8207DD2099A50500B84C1E /* MEDHomeHabitFoodCell.h */ = {isa = PBXFileReference; fileEncoding = 4; lastKnownFileType = sourcecode.c.h; path = MEDHomeHabitFoodCell.h; sourceTree = "<group>"; };
		5D8207DE2099A50500B84C1E /* MEDHomeHabitFoodCell.xib */ = {isa = PBXFileReference; fileEncoding = 4; lastKnownFileType = file.xib; path = MEDHomeHabitFoodCell.xib; sourceTree = "<group>"; };
		5D8207DF2099A50500B84C1E /* MEDHomeHabitSleepCell.xib */ = {isa = PBXFileReference; fileEncoding = 4; lastKnownFileType = file.xib; path = MEDHomeHabitSleepCell.xib; sourceTree = "<group>"; };
		5D8207E02099A50500B84C1E /* MEDHomeHabitSleepCell.h */ = {isa = PBXFileReference; fileEncoding = 4; lastKnownFileType = sourcecode.c.h; path = MEDHomeHabitSleepCell.h; sourceTree = "<group>"; };
		5D8207E32099A50500B84C1E /* MEDHomeComplianceController.h */ = {isa = PBXFileReference; fileEncoding = 4; lastKnownFileType = sourcecode.c.h; path = MEDHomeComplianceController.h; sourceTree = "<group>"; };
		5D8207E42099A50500B84C1E /* MEDHomeComplianceController.m */ = {isa = PBXFileReference; fileEncoding = 4; lastKnownFileType = sourcecode.c.objc; path = MEDHomeComplianceController.m; sourceTree = "<group>"; };
		5D8207E62099A50500B84C1E /* MEDHomeComplianceModel.m */ = {isa = PBXFileReference; fileEncoding = 4; lastKnownFileType = sourcecode.c.objc; path = MEDHomeComplianceModel.m; sourceTree = "<group>"; };
		5D8207E72099A50500B84C1E /* MEDHomeComplianceModel.h */ = {isa = PBXFileReference; fileEncoding = 4; lastKnownFileType = sourcecode.c.h; path = MEDHomeComplianceModel.h; sourceTree = "<group>"; };
		5D8207E92099A50500B84C1E /* MEDHomeComplianceCell.xib */ = {isa = PBXFileReference; fileEncoding = 4; lastKnownFileType = file.xib; path = MEDHomeComplianceCell.xib; sourceTree = "<group>"; };
		5D8207EA2099A50500B84C1E /* MEDHomeComplianceCell.m */ = {isa = PBXFileReference; fileEncoding = 4; lastKnownFileType = sourcecode.c.objc; path = MEDHomeComplianceCell.m; sourceTree = "<group>"; };
		5D8207EB2099A50500B84C1E /* MEDHomeComplianceCell.h */ = {isa = PBXFileReference; fileEncoding = 4; lastKnownFileType = sourcecode.c.h; path = MEDHomeComplianceCell.h; sourceTree = "<group>"; };
		5D829A1B2085C7D1001993B6 /* HealthStarButler.app */ = {isa = PBXFileReference; explicitFileType = wrapper.application; includeInIndex = 0; path = HealthStarButler.app; sourceTree = BUILT_PRODUCTS_DIR; };
		5D829A1E2085C7D1001993B6 /* AppDelegate.h */ = {isa = PBXFileReference; lastKnownFileType = sourcecode.c.h; path = AppDelegate.h; sourceTree = "<group>"; };
		5D829A1F2085C7D1001993B6 /* AppDelegate.m */ = {isa = PBXFileReference; lastKnownFileType = sourcecode.c.objc; path = AppDelegate.m; sourceTree = "<group>"; };
		5D829A252085C7D1001993B6 /* Base */ = {isa = PBXFileReference; lastKnownFileType = file.storyboard; name = Base; path = Base.lproj/Main.storyboard; sourceTree = "<group>"; };
		5D829A272085C7D1001993B6 /* Assets.xcassets */ = {isa = PBXFileReference; lastKnownFileType = folder.assetcatalog; path = Assets.xcassets; sourceTree = "<group>"; };
		5D829A2A2085C7D1001993B6 /* Base */ = {isa = PBXFileReference; lastKnownFileType = file.storyboard; name = Base; path = Base.lproj/LaunchScreen.storyboard; sourceTree = "<group>"; };
		5D829A2C2085C7D1001993B6 /* Info.plist */ = {isa = PBXFileReference; lastKnownFileType = text.plist.xml; path = Info.plist; sourceTree = "<group>"; };
		5D829A2D2085C7D1001993B6 /* main.m */ = {isa = PBXFileReference; lastKnownFileType = sourcecode.c.objc; path = main.m; sourceTree = "<group>"; };
		5D829A472085CBB9001993B6 /* HealthStarButler-Prefix.pch */ = {isa = PBXFileReference; lastKnownFileType = sourcecode.c.h; path = "HealthStarButler-Prefix.pch"; sourceTree = "<group>"; };
		5D829A482085CC53001993B6 /* CommonMacro.h */ = {isa = PBXFileReference; lastKnownFileType = sourcecode.c.h; path = CommonMacro.h; sourceTree = "<group>"; };
		5D829A492085D5DB001993B6 /* UIView+MED.m */ = {isa = PBXFileReference; fileEncoding = 4; lastKnownFileType = sourcecode.c.objc; path = "UIView+MED.m"; sourceTree = "<group>"; };
		5D829A4A2085D5DB001993B6 /* UIView+MED.h */ = {isa = PBXFileReference; fileEncoding = 4; lastKnownFileType = sourcecode.c.h; path = "UIView+MED.h"; sourceTree = "<group>"; };
		5D829A4D2085D6F0001993B6 /* MEDMainUrl.h */ = {isa = PBXFileReference; fileEncoding = 4; lastKnownFileType = sourcecode.c.h; path = MEDMainUrl.h; sourceTree = "<group>"; };
		5D829A582085D73F001993B6 /* MEDNetClient.m */ = {isa = PBXFileReference; fileEncoding = 4; lastKnownFileType = sourcecode.c.objc; path = MEDNetClient.m; sourceTree = "<group>"; };
		5D829A592085D73F001993B6 /* MEDDataRequest.m */ = {isa = PBXFileReference; fileEncoding = 4; lastKnownFileType = sourcecode.c.objc; path = MEDDataRequest.m; sourceTree = "<group>"; };
		5D829A5A2085D73F001993B6 /* MEDNetStatusManager.m */ = {isa = PBXFileReference; fileEncoding = 4; lastKnownFileType = sourcecode.c.objc; path = MEDNetStatusManager.m; sourceTree = "<group>"; };
		5D829A5B2085D73F001993B6 /* MEDDataRequest.h */ = {isa = PBXFileReference; fileEncoding = 4; lastKnownFileType = sourcecode.c.h; path = MEDDataRequest.h; sourceTree = "<group>"; };
		5D829A5C2085D73F001993B6 /* MEDNetClient.h */ = {isa = PBXFileReference; fileEncoding = 4; lastKnownFileType = sourcecode.c.h; path = MEDNetClient.h; sourceTree = "<group>"; };
		5D829A5D2085D73F001993B6 /* MEDNetStatusManager.h */ = {isa = PBXFileReference; fileEncoding = 4; lastKnownFileType = sourcecode.c.h; path = MEDNetStatusManager.h; sourceTree = "<group>"; };
		5D829A612085D7E1001993B6 /* MEDTabBarControllerConfig.m */ = {isa = PBXFileReference; fileEncoding = 4; lastKnownFileType = sourcecode.c.objc; path = MEDTabBarControllerConfig.m; sourceTree = "<group>"; };
		5D829A622085D7E1001993B6 /* MEDTabBarMidButton.m */ = {isa = PBXFileReference; fileEncoding = 4; lastKnownFileType = sourcecode.c.objc; path = MEDTabBarMidButton.m; sourceTree = "<group>"; };
		5D829A632085D7E1001993B6 /* MEDTabBarControllerConfig.h */ = {isa = PBXFileReference; fileEncoding = 4; lastKnownFileType = sourcecode.c.h; path = MEDTabBarControllerConfig.h; sourceTree = "<group>"; };
		5D829A642085D7E1001993B6 /* MEDTabBarMidButton.h */ = {isa = PBXFileReference; fileEncoding = 4; lastKnownFileType = sourcecode.c.h; path = MEDTabBarMidButton.h; sourceTree = "<group>"; };
		5D829A672085D8C9001993B6 /* MEDNavigationController.h */ = {isa = PBXFileReference; fileEncoding = 4; lastKnownFileType = sourcecode.c.h; path = MEDNavigationController.h; sourceTree = "<group>"; };
		5D829A682085D8C9001993B6 /* MEDNavigationController.m */ = {isa = PBXFileReference; fileEncoding = 4; lastKnownFileType = sourcecode.c.objc; path = MEDNavigationController.m; sourceTree = "<group>"; };
		5D829A732085D981001993B6 /* MEDConsultationController.h */ = {isa = PBXFileReference; lastKnownFileType = sourcecode.c.h; path = MEDConsultationController.h; sourceTree = "<group>"; };
		5D829A742085D981001993B6 /* MEDConsultationController.m */ = {isa = PBXFileReference; lastKnownFileType = sourcecode.c.objc; path = MEDConsultationController.m; sourceTree = "<group>"; };
		5D829A882085DA07001993B6 /* MEDHomePageController.h */ = {isa = PBXFileReference; lastKnownFileType = sourcecode.c.h; path = MEDHomePageController.h; sourceTree = "<group>"; };
		5D829A892085DA07001993B6 /* MEDHomePageController.m */ = {isa = PBXFileReference; lastKnownFileType = sourcecode.c.objc; path = MEDHomePageController.m; sourceTree = "<group>"; };
		5D829A8B2085DA21001993B6 /* MEDTreatmentGuideController.h */ = {isa = PBXFileReference; lastKnownFileType = sourcecode.c.h; path = MEDTreatmentGuideController.h; sourceTree = "<group>"; };
		5D829A8C2085DA21001993B6 /* MEDTreatmentGuideController.m */ = {isa = PBXFileReference; lastKnownFileType = sourcecode.c.objc; path = MEDTreatmentGuideController.m; sourceTree = "<group>"; };
		5D829A8E2085DA35001993B6 /* MEDInformationController.h */ = {isa = PBXFileReference; lastKnownFileType = sourcecode.c.h; path = MEDInformationController.h; sourceTree = "<group>"; };
		5D829A8F2085DA35001993B6 /* MEDInformationController.m */ = {isa = PBXFileReference; lastKnownFileType = sourcecode.c.objc; path = MEDInformationController.m; sourceTree = "<group>"; };
		5D829A912085DA47001993B6 /* MEDMineController.h */ = {isa = PBXFileReference; lastKnownFileType = sourcecode.c.h; path = MEDMineController.h; sourceTree = "<group>"; };
		5D829A922085DA47001993B6 /* MEDMineController.m */ = {isa = PBXFileReference; lastKnownFileType = sourcecode.c.objc; path = MEDMineController.m; sourceTree = "<group>"; };
		5D829A942085DAC3001993B6 /* MEDManagementController.h */ = {isa = PBXFileReference; lastKnownFileType = sourcecode.c.h; path = MEDManagementController.h; sourceTree = "<group>"; };
		5D829A952085DAC3001993B6 /* MEDManagementController.m */ = {isa = PBXFileReference; lastKnownFileType = sourcecode.c.objc; path = MEDManagementController.m; sourceTree = "<group>"; };
		5D829A982085DCC6001993B6 /* Reachability.m */ = {isa = PBXFileReference; fileEncoding = 4; lastKnownFileType = sourcecode.c.objc; path = Reachability.m; sourceTree = "<group>"; };
		5D829A992085DCC6001993B6 /* Reachability.h */ = {isa = PBXFileReference; fileEncoding = 4; lastKnownFileType = sourcecode.c.h; path = Reachability.h; sourceTree = "<group>"; };
		5D829A9B2085E36B001993B6 /* MEDBaseViewController.h */ = {isa = PBXFileReference; lastKnownFileType = sourcecode.c.h; path = MEDBaseViewController.h; sourceTree = "<group>"; };
		5D829A9C2085E36B001993B6 /* MEDBaseViewController.m */ = {isa = PBXFileReference; lastKnownFileType = sourcecode.c.objc; path = MEDBaseViewController.m; sourceTree = "<group>"; };
		5D97AE8A2089C493007D586A /* MZPlusButton.h */ = {isa = PBXFileReference; lastKnownFileType = sourcecode.c.h; path = MZPlusButton.h; sourceTree = "<group>"; };
		5D97AE8B2089C493007D586A /* MZPlusButton.m */ = {isa = PBXFileReference; lastKnownFileType = sourcecode.c.objc; path = MZPlusButton.m; sourceTree = "<group>"; };
		5DC39F8B2091D10C000D1B26 /* MEDAlertMananger.h */ = {isa = PBXFileReference; fileEncoding = 4; lastKnownFileType = sourcecode.c.h; path = MEDAlertMananger.h; sourceTree = "<group>"; };
		5DC39F8C2091D10C000D1B26 /* MEDAlertMananger.m */ = {isa = PBXFileReference; fileEncoding = 4; lastKnownFileType = sourcecode.c.objc; path = MEDAlertMananger.m; sourceTree = "<group>"; };
		5DC39F8E2091D56F000D1B26 /* MEDHomeRankScoreCell.h */ = {isa = PBXFileReference; lastKnownFileType = sourcecode.c.h; path = MEDHomeRankScoreCell.h; sourceTree = "<group>"; };
		5DC39F8F2091D56F000D1B26 /* MEDHomeRankScoreCell.m */ = {isa = PBXFileReference; lastKnownFileType = sourcecode.c.objc; path = MEDHomeRankScoreCell.m; sourceTree = "<group>"; };
		5DC39F972092BFF9000D1B26 /* MEDScoreProgressBar.h */ = {isa = PBXFileReference; lastKnownFileType = sourcecode.c.h; path = MEDScoreProgressBar.h; sourceTree = "<group>"; };
		5DC39F982092BFF9000D1B26 /* MEDScoreProgressBar.m */ = {isa = PBXFileReference; lastKnownFileType = sourcecode.c.objc; path = MEDScoreProgressBar.m; sourceTree = "<group>"; };
		5DC39F9A2092D637000D1B26 /* MEDScoreButton.h */ = {isa = PBXFileReference; lastKnownFileType = sourcecode.c.h; path = MEDScoreButton.h; sourceTree = "<group>"; };
		5DC39F9B2092D637000D1B26 /* MEDScoreButton.m */ = {isa = PBXFileReference; lastKnownFileType = sourcecode.c.objc; path = MEDScoreButton.m; sourceTree = "<group>"; };
		5DC39FA020932773000D1B26 /* MEDBaseWebViewController.h */ = {isa = PBXFileReference; lastKnownFileType = sourcecode.c.h; path = MEDBaseWebViewController.h; sourceTree = "<group>"; };
		5DC39FA120932773000D1B26 /* MEDBaseWebViewController.m */ = {isa = PBXFileReference; lastKnownFileType = sourcecode.c.objc; path = MEDBaseWebViewController.m; sourceTree = "<group>"; };
		5DC39FA42093289A000D1B26 /* MEDHealthQuestionnaireController.h */ = {isa = PBXFileReference; lastKnownFileType = sourcecode.c.h; path = MEDHealthQuestionnaireController.h; sourceTree = "<group>"; };
		5DC39FA52093289A000D1B26 /* MEDHealthQuestionnaireController.m */ = {isa = PBXFileReference; lastKnownFileType = sourcecode.c.objc; path = MEDHealthQuestionnaireController.m; sourceTree = "<group>"; };
		5DC39FAA209440F2000D1B26 /* blockTestViewController.h */ = {isa = PBXFileReference; lastKnownFileType = sourcecode.c.h; path = blockTestViewController.h; sourceTree = "<group>"; };
		5DC39FAB209440F2000D1B26 /* blockTestViewController.m */ = {isa = PBXFileReference; lastKnownFileType = sourcecode.c.objc; path = blockTestViewController.m; sourceTree = "<group>"; };
		C5E2A29150B0069B66E3449E /* Pods-HealthStarButler.release.xcconfig */ = {isa = PBXFileReference; includeInIndex = 1; lastKnownFileType = text.xcconfig; name = "Pods-HealthStarButler.release.xcconfig"; path = "Pods/Target Support Files/Pods-HealthStarButler/Pods-HealthStarButler.release.xcconfig"; sourceTree = "<group>"; };
/* End PBXFileReference section */

/* Begin PBXFrameworksBuildPhase section */
		5D829A182085C7D1001993B6 /* Frameworks */ = {
			isa = PBXFrameworksBuildPhase;
			buildActionMask = 2147483647;
			files = (
				07C4800CA15200AF8FCB0327 /* libPods-HealthStarButler.a in Frameworks */,
			);
			runOnlyForDeploymentPostprocessing = 0;
		};
/* End PBXFrameworksBuildPhase section */

/* Begin PBXGroup section */
		5D1AC62B209AB9D500FB16C9 /* MonitorCell */ = {
			isa = PBXGroup;
			children = (
				5D1AC62C209ABA3B00FB16C9 /* MEDHomeMonitorCell.h */,
				5D1AC62D209ABA3B00FB16C9 /* MEDHomeMonitorCell.m */,
			);
			path = MonitorCell;
			sourceTree = "<group>";
		};
		5D4A47F6208F0457007DAD29 /* UserLogin */ = {
			isa = PBXGroup;
			children = (
				5D4A47F7208F08CD007DAD29 /* Controller */,
				5D4A47F8208F08D5007DAD29 /* Model */,
				5D4A47F9208F08DA007DAD29 /* View */,
				5D4A48072090209F007DAD29 /* Tool */,
			);
			path = UserLogin;
			sourceTree = "<group>";
		};
		5D4A47F7208F08CD007DAD29 /* Controller */ = {
			isa = PBXGroup;
			children = (
				5D4A47FA208F092A007DAD29 /* MEDUserLoginController.h */,
				5D4A47FB208F092A007DAD29 /* MEDUserLoginController.m */,
			);
			path = Controller;
			sourceTree = "<group>";
		};
		5D4A47F8208F08D5007DAD29 /* Model */ = {
			isa = PBXGroup;
			children = (
				5D4A47FD208F0BC5007DAD29 /* MEDUserModel.h */,
				5D4A47FE208F0BC5007DAD29 /* MEDUserModel.m */,
			);
			path = Model;
			sourceTree = "<group>";
		};
		5D4A47F9208F08DA007DAD29 /* View */ = {
			isa = PBXGroup;
			children = (
			);
			path = View;
			sourceTree = "<group>";
		};
		5D4A48072090209F007DAD29 /* Tool */ = {
			isa = PBXGroup;
			children = (
				5D4A480820906142007DAD29 /* MEDMobileNumberTool.h */,
				5D4A480920906142007DAD29 /* MEDMobileNumberTool.m */,
			);
			path = Tool;
			sourceTree = "<group>";
		};
		5D4A480E20906D11007DAD29 /* HUD */ = {
			isa = PBXGroup;
			children = (
				5D4A480F209070A0007DAD29 /* MEDProgressHUD.h */,
				5D4A4810209070A0007DAD29 /* MEDProgressHUD.m */,
			);
			path = HUD;
			sourceTree = "<group>";
		};
		5D8207B02099A50500B84C1E /* RankList */ = {
			isa = PBXGroup;
			children = (
				5D8207B12099A50500B84C1E /* Controller */,
				5D8207B42099A50500B84C1E /* Model */,
				5D8207B72099A50500B84C1E /* View */,
			);
			path = RankList;
			sourceTree = "<group>";
		};
		5D8207B12099A50500B84C1E /* Controller */ = {
			isa = PBXGroup;
			children = (
				5D8207B22099A50500B84C1E /* MEDCompanyRankingController.h */,
				5D8207B32099A50500B84C1E /* MEDCompanyRankingController.m */,
			);
			path = Controller;
			sourceTree = "<group>";
		};
		5D8207B42099A50500B84C1E /* Model */ = {
			isa = PBXGroup;
			children = (
				5D8207B52099A50500B84C1E /* MEDCompanyRankModel.m */,
				5D8207B62099A50500B84C1E /* MEDCompanyRankModel.h */,
			);
			path = Model;
			sourceTree = "<group>";
		};
		5D8207B72099A50500B84C1E /* View */ = {
			isa = PBXGroup;
			children = (
				5D8207B82099A50500B84C1E /* MEDCompanyRankHeadView.h */,
				5D8207B92099A50500B84C1E /* MEDCompanyRankCell.xib */,
				5D8207BA2099A50500B84C1E /* MEDCompanyRankCell.h */,
				5D8207BB2099A50500B84C1E /* MEDCompanyRankHeadView.xib */,
				5D8207BC2099A50500B84C1E /* MEDCompanyRankHeadView.m */,
				5D8207BD2099A50500B84C1E /* MEDCompanyRankCell.m */,
			);
			path = View;
			sourceTree = "<group>";
		};
		5D8207BE2099A50500B84C1E /* Physiology */ = {
			isa = PBXGroup;
			children = (
				5D8207BF2099A50500B84C1E /* Controller */,
				5D8207C22099A50500B84C1E /* Model */,
				5D8207C52099A50500B84C1E /* View */,
			);
			path = Physiology;
			sourceTree = "<group>";
		};
		5D8207BF2099A50500B84C1E /* Controller */ = {
			isa = PBXGroup;
			children = (
				5D8207C02099A50500B84C1E /* MEDHomePhysiologyController.m */,
				5D8207C12099A50500B84C1E /* MEDHomePhysiologyController.h */,
			);
			path = Controller;
			sourceTree = "<group>";
		};
		5D8207C22099A50500B84C1E /* Model */ = {
			isa = PBXGroup;
			children = (
				5D8207C32099A50500B84C1E /* MEDHomePhysiologyModel.m */,
				5D8207C42099A50500B84C1E /* MEDHomePhysiologyModel.h */,
			);
			path = Model;
			sourceTree = "<group>";
		};
		5D8207C52099A50500B84C1E /* View */ = {
			isa = PBXGroup;
			children = (
				5D8207C62099A50500B84C1E /* MEDHomePhysiologyBloodPressureCell.xib */,
				5D8207C72099A50500B84C1E /* MEDHomePhysiologyWaistlineCell.m */,
				5D8207C82099A50500B84C1E /* MEDHomePhysiologyWaistlineCell.xib */,
				5D8207C92099A50500B84C1E /* MEDHomePhysiologyweightCell.h */,
				5D8207CA2099A50500B84C1E /* MEDHomePhysiologyBloodGlucoseCell.h */,
				5D8207CB2099A50500B84C1E /* MEDHomePhysiologyBloodPressureCell.m */,
				5D8207CC2099A50500B84C1E /* MEDHomePhysiologyBloodGlucoseCell.xib */,
				5D8207CD2099A50500B84C1E /* MEDHomePhysiologyWaistlineCell.h */,
				5D8207CE2099A50500B84C1E /* MEDHomePhysiologyweightCell.xib */,
				5D8207CF2099A50500B84C1E /* MEDHomePhysiologyBloodPressureCell.h */,
				5D8207D02099A50500B84C1E /* MEDHomePhysiologyBloodGlucoseCell.m */,
				5D8207D12099A50500B84C1E /* MEDHomePhysiologyweightCell.m */,
			);
			path = View;
			sourceTree = "<group>";
		};
		5D8207D22099A50500B84C1E /* LifeHabit */ = {
			isa = PBXGroup;
			children = (
				5D8207D32099A50500B84C1E /* Controller */,
				5D8207D62099A50500B84C1E /* Model */,
				5D8207D72099A50500B84C1E /* View */,
			);
			path = LifeHabit;
			sourceTree = "<group>";
		};
		5D8207D32099A50500B84C1E /* Controller */ = {
			isa = PBXGroup;
			children = (
				5D8207D42099A50500B84C1E /* MEDHomeLifeHabitController.h */,
				5D8207D52099A50500B84C1E /* MEDHomeLifeHabitController.m */,
			);
			path = Controller;
			sourceTree = "<group>";
		};
		5D8207D62099A50500B84C1E /* Model */ = {
			isa = PBXGroup;
			children = (
			);
			path = Model;
			sourceTree = "<group>";
		};
		5D8207D72099A50500B84C1E /* View */ = {
			isa = PBXGroup;
			children = (
				5D8207D82099A50500B84C1E /* MEDHomeHabitSportCell.m */,
				5D8207D92099A50500B84C1E /* MEDHomeHabitFoodCell.m */,
				5D8207DA2099A50500B84C1E /* MEDHomeHabitSleepCell.m */,
				5D8207DB2099A50500B84C1E /* MEDHomeHabitSportCell.xib */,
				5D8207DC2099A50500B84C1E /* MEDHomeHabitSportCell.h */,
				5D8207DD2099A50500B84C1E /* MEDHomeHabitFoodCell.h */,
				5D8207DE2099A50500B84C1E /* MEDHomeHabitFoodCell.xib */,
				5D8207DF2099A50500B84C1E /* MEDHomeHabitSleepCell.xib */,
				5D8207E02099A50500B84C1E /* MEDHomeHabitSleepCell.h */,
			);
			path = View;
			sourceTree = "<group>";
		};
		5D8207E12099A50500B84C1E /* Compliance */ = {
			isa = PBXGroup;
			children = (
				5D8207E22099A50500B84C1E /* Controller */,
				5D8207E52099A50500B84C1E /* Model */,
				5D8207E82099A50500B84C1E /* View */,
			);
			path = Compliance;
			sourceTree = "<group>";
		};
		5D8207E22099A50500B84C1E /* Controller */ = {
			isa = PBXGroup;
			children = (
				5D8207E32099A50500B84C1E /* MEDHomeComplianceController.h */,
				5D8207E42099A50500B84C1E /* MEDHomeComplianceController.m */,
			);
			path = Controller;
			sourceTree = "<group>";
		};
		5D8207E52099A50500B84C1E /* Model */ = {
			isa = PBXGroup;
			children = (
				5D8207E62099A50500B84C1E /* MEDHomeComplianceModel.m */,
				5D8207E72099A50500B84C1E /* MEDHomeComplianceModel.h */,
			);
			path = Model;
			sourceTree = "<group>";
		};
		5D8207E82099A50500B84C1E /* View */ = {
			isa = PBXGroup;
			children = (
				5D8207E92099A50500B84C1E /* MEDHomeComplianceCell.xib */,
				5D8207EA2099A50500B84C1E /* MEDHomeComplianceCell.m */,
				5D8207EB2099A50500B84C1E /* MEDHomeComplianceCell.h */,
			);
			path = View;
			sourceTree = "<group>";
		};
		5D829A122085C7D1001993B6 = {
			isa = PBXGroup;
			children = (
				5D829A1D2085C7D1001993B6 /* HealthStarButler */,
				5D829A1C2085C7D1001993B6 /* Products */,
				B57C64CA421B6D48070A8489 /* Pods */,
				C304EF3E1EAF2A12195628D1 /* Frameworks */,
			);
			sourceTree = "<group>";
		};
		5D829A1C2085C7D1001993B6 /* Products */ = {
			isa = PBXGroup;
			children = (
				5D829A1B2085C7D1001993B6 /* HealthStarButler.app */,
			);
			name = Products;
			sourceTree = "<group>";
		};
		5D829A1D2085C7D1001993B6 /* HealthStarButler */ = {
			isa = PBXGroup;
			children = (
				5D829A342085C873001993B6 /* Classes */,
			);
			path = HealthStarButler;
			sourceTree = "<group>";
		};
		5D829A342085C873001993B6 /* Classes */ = {
			isa = PBXGroup;
			children = (
				5D4A47F6208F0457007DAD29 /* UserLogin */,
				5D829A3D2085C904001993B6 /* Management */,
				5D829A402085C976001993B6 /* Consultation  */,
				5D829A3C2085C8FD001993B6 /* Home */,
				5D829A3E2085C92F001993B6 /* Information */,
				5D829A3F2085C93D001993B6 /* TreatmentGuide */,
				5D829A422085CA5E001993B6 /* Mine */,
				5D829A392085C8B9001993B6 /* BaseController */,
				5D829A3A2085C8C4001993B6 /* BaseView */,
				5D829A382085C8A4001993B6 /* Category */,
				5D829A432085CB5B001993B6 /* Commons */,
				5D829A362085C88D001993B6 /* Appdelegate */,
				5D829A3B2085C8CD001993B6 /* Third */,
				5D829A352085C884001993B6 /* Other */,
				5D829A412085C9A5001993B6 /* Supporting Files */,
			);
			path = Classes;
			sourceTree = "<group>";
		};
		5D829A352085C884001993B6 /* Other */ = {
			isa = PBXGroup;
			children = (
			);
			path = Other;
			sourceTree = "<group>";
		};
		5D829A362085C88D001993B6 /* Appdelegate */ = {
			isa = PBXGroup;
			children = (
				5D829A1E2085C7D1001993B6 /* AppDelegate.h */,
				5D829A1F2085C7D1001993B6 /* AppDelegate.m */,
			);
			path = Appdelegate;
			sourceTree = "<group>";
		};
		5D829A372085C89A001993B6 /* Network */ = {
			isa = PBXGroup;
			children = (
				5D829A5C2085D73F001993B6 /* MEDNetClient.h */,
				5D829A582085D73F001993B6 /* MEDNetClient.m */,
				5D829A5B2085D73F001993B6 /* MEDDataRequest.h */,
				5D829A592085D73F001993B6 /* MEDDataRequest.m */,
				5D829A5D2085D73F001993B6 /* MEDNetStatusManager.h */,
				5D829A5A2085D73F001993B6 /* MEDNetStatusManager.m */,
			);
			path = Network;
			sourceTree = "<group>";
		};
		5D829A382085C8A4001993B6 /* Category */ = {
			isa = PBXGroup;
			children = (
				5D829A4A2085D5DB001993B6 /* UIView+MED.h */,
				5D829A492085D5DB001993B6 /* UIView+MED.m */,
				5D4A480B2090672E007DAD29 /* NSObject+MED.h */,
				5D4A480C2090672E007DAD29 /* NSObject+MED.m */,
				5D829A4C2085D5DF001993B6 /* Third */,
			);
			path = Category;
			sourceTree = "<group>";
		};
		5D829A392085C8B9001993B6 /* BaseController */ = {
			isa = PBXGroup;
			children = (
				5D97AE862089C206007D586A /* MZMiddleButton(未使用) */,
				5D829A372085C89A001993B6 /* Network */,
				5D829A9B2085E36B001993B6 /* MEDBaseViewController.h */,
				5D829A9C2085E36B001993B6 /* MEDBaseViewController.m */,
				5D829A632085D7E1001993B6 /* MEDTabBarControllerConfig.h */,
				5D829A612085D7E1001993B6 /* MEDTabBarControllerConfig.m */,
				5D829A642085D7E1001993B6 /* MEDTabBarMidButton.h */,
				5D829A622085D7E1001993B6 /* MEDTabBarMidButton.m */,
				5D829A672085D8C9001993B6 /* MEDNavigationController.h */,
				5D829A682085D8C9001993B6 /* MEDNavigationController.m */,
				5DC39FA020932773000D1B26 /* MEDBaseWebViewController.h */,
				5DC39FA120932773000D1B26 /* MEDBaseWebViewController.m */,
			);
			path = BaseController;
			sourceTree = "<group>";
		};
		5D829A3A2085C8C4001993B6 /* BaseView */ = {
			isa = PBXGroup;
			children = (
				5DC39F8B2091D10C000D1B26 /* MEDAlertMananger.h */,
				5DC39F8C2091D10C000D1B26 /* MEDAlertMananger.m */,
				5D4A480E20906D11007DAD29 /* HUD */,
			);
			path = BaseView;
			sourceTree = "<group>";
		};
		5D829A3B2085C8CD001993B6 /* Third */ = {
			isa = PBXGroup;
			children = (
				5D829A972085DCC6001993B6 /* Reachability */,
			);
			path = Third;
			sourceTree = "<group>";
		};
		5D829A3C2085C8FD001993B6 /* Home */ = {
			isa = PBXGroup;
			children = (
				5DC39F862091CE31000D1B26 /* SubController */,
				5D829A7C2085D9B0001993B6 /* Controller */,
				5D829A7D2085D9B0001993B6 /* Model */,
				5D829A7E2085D9B0001993B6 /* View */,
			);
			path = Home;
			sourceTree = "<group>";
		};
		5D829A3D2085C904001993B6 /* Management */ = {
			isa = PBXGroup;
			children = (
				5D829A6D2085D911001993B6 /* SubController */,
				5D829A6A2085D8E4001993B6 /* Controller */,
				5D829A6C2085D8F4001993B6 /* View */,
				5D829A6B2085D8EF001993B6 /* Model */,
			);
			path = Management;
			sourceTree = "<group>";
		};
		5D829A3E2085C92F001993B6 /* Information */ = {
			isa = PBXGroup;
			children = (
				5D829A802085D9BD001993B6 /* Controller */,
				5D829A812085D9BD001993B6 /* Model */,
				5D829A7F2085D9BD001993B6 /* View */,
			);
			path = Information;
			sourceTree = "<group>";
		};
		5D829A3F2085C93D001993B6 /* TreatmentGuide */ = {
			isa = PBXGroup;
			children = (
				5D829A832085D9D5001993B6 /* Controller */,
				5D829A822085D9D5001993B6 /* Model */,
				5D829A842085D9D5001993B6 /* View */,
			);
			path = TreatmentGuide;
			sourceTree = "<group>";
		};
		5D829A402085C976001993B6 /* Consultation  */ = {
			isa = PBXGroup;
			children = (
				5D829A7A2085D9A3001993B6 /* Controller */,
				5D829A792085D9A3001993B6 /* Model */,
				5D829A7B2085D9A3001993B6 /* View */,
			);
			path = "Consultation ";
			sourceTree = "<group>";
		};
		5D829A412085C9A5001993B6 /* Supporting Files */ = {
			isa = PBXGroup;
			children = (
				5D829A242085C7D1001993B6 /* Main.storyboard */,
				5D829A272085C7D1001993B6 /* Assets.xcassets */,
				5D829A292085C7D1001993B6 /* LaunchScreen.storyboard */,
				5D829A2D2085C7D1001993B6 /* main.m */,
				5D829A2C2085C7D1001993B6 /* Info.plist */,
			);
			path = "Supporting Files";
			sourceTree = "<group>";
		};
		5D829A422085CA5E001993B6 /* Mine */ = {
			isa = PBXGroup;
			children = (
				5D829A872085D9E9001993B6 /* Controller */,
				5D829A852085D9E9001993B6 /* Model */,
				5D829A862085D9E9001993B6 /* View */,
			);
			path = Mine;
			sourceTree = "<group>";
		};
		5D829A432085CB5B001993B6 /* Commons */ = {
			isa = PBXGroup;
			children = (
				5D829A472085CBB9001993B6 /* HealthStarButler-Prefix.pch */,
				5D829A482085CC53001993B6 /* CommonMacro.h */,
				5D829A4D2085D6F0001993B6 /* MEDMainUrl.h */,
			);
			path = Commons;
			sourceTree = "<group>";
		};
		5D829A4C2085D5DF001993B6 /* Third */ = {
			isa = PBXGroup;
			children = (
			);
			path = Third;
			sourceTree = "<group>";
		};
		5D829A6A2085D8E4001993B6 /* Controller */ = {
			isa = PBXGroup;
			children = (
				5D829A942085DAC3001993B6 /* MEDManagementController.h */,
				5D829A952085DAC3001993B6 /* MEDManagementController.m */,
			);
			path = Controller;
			sourceTree = "<group>";
		};
		5D829A6B2085D8EF001993B6 /* Model */ = {
			isa = PBXGroup;
			children = (
			);
			path = Model;
			sourceTree = "<group>";
		};
		5D829A6C2085D8F4001993B6 /* View */ = {
			isa = PBXGroup;
			children = (
				5D4A481E2091AAFD007DAD29 /* MEDManageHorizontalCell.h */,
				5D4A481D2091AAFD007DAD29 /* MEDManageHorizontalCell.m */,
				5D4A48232091AB03007DAD29 /* MEDManageHorizontalCell.xib */,
				5D4A481C2091AAFD007DAD29 /* MEDManageVerticalCell.h */,
				5D4A481F2091AAFD007DAD29 /* MEDManageVerticalCell.m */,
				5D4A48222091AB03007DAD29 /* MEDManageVerticalCell.xib */,
			);
			path = View;
			sourceTree = "<group>";
		};
		5D829A6D2085D911001993B6 /* SubController */ = {
			isa = PBXGroup;
			children = (
				5DC39FA32093280B000D1B26 /* HealthQuestionnaire */,
				5DC39FAA209440F2000D1B26 /* blockTestViewController.h */,
				5DC39FAB209440F2000D1B26 /* blockTestViewController.m */,
			);
			path = SubController;
			sourceTree = "<group>";
		};
		5D829A792085D9A3001993B6 /* Model */ = {
			isa = PBXGroup;
			children = (
			);
			path = Model;
			sourceTree = "<group>";
		};
		5D829A7A2085D9A3001993B6 /* Controller */ = {
			isa = PBXGroup;
			children = (
				5D829A732085D981001993B6 /* MEDConsultationController.h */,
				5D829A742085D981001993B6 /* MEDConsultationController.m */,
			);
			path = Controller;
			sourceTree = "<group>";
		};
		5D829A7B2085D9A3001993B6 /* View */ = {
			isa = PBXGroup;
			children = (
			);
			path = View;
			sourceTree = "<group>";
		};
		5D829A7C2085D9B0001993B6 /* Controller */ = {
			isa = PBXGroup;
			children = (
				5D829A882085DA07001993B6 /* MEDHomePageController.h */,
				5D829A892085DA07001993B6 /* MEDHomePageController.m */,
			);
			path = Controller;
			sourceTree = "<group>";
		};
		5D829A7D2085D9B0001993B6 /* Model */ = {
			isa = PBXGroup;
			children = (
			);
			path = Model;
			sourceTree = "<group>";
		};
		5D829A7E2085D9B0001993B6 /* View */ = {
			isa = PBXGroup;
			children = (
				5D1AC62B209AB9D500FB16C9 /* MonitorCell */,
				5DC39F8A2091CFBB000D1B26 /* RankScoreCell */,
			);
			path = View;
			sourceTree = "<group>";
		};
		5D829A7F2085D9BD001993B6 /* View */ = {
			isa = PBXGroup;
			children = (
			);
			path = View;
			sourceTree = "<group>";
		};
		5D829A802085D9BD001993B6 /* Controller */ = {
			isa = PBXGroup;
			children = (
				5D829A8E2085DA35001993B6 /* MEDInformationController.h */,
				5D829A8F2085DA35001993B6 /* MEDInformationController.m */,
			);
			path = Controller;
			sourceTree = "<group>";
		};
		5D829A812085D9BD001993B6 /* Model */ = {
			isa = PBXGroup;
			children = (
			);
			path = Model;
			sourceTree = "<group>";
		};
		5D829A822085D9D5001993B6 /* Model */ = {
			isa = PBXGroup;
			children = (
			);
			path = Model;
			sourceTree = "<group>";
		};
		5D829A832085D9D5001993B6 /* Controller */ = {
			isa = PBXGroup;
			children = (
				5D829A8B2085DA21001993B6 /* MEDTreatmentGuideController.h */,
				5D829A8C2085DA21001993B6 /* MEDTreatmentGuideController.m */,
			);
			path = Controller;
			sourceTree = "<group>";
		};
		5D829A842085D9D5001993B6 /* View */ = {
			isa = PBXGroup;
			children = (
			);
			path = View;
			sourceTree = "<group>";
		};
		5D829A852085D9E9001993B6 /* Model */ = {
			isa = PBXGroup;
			children = (
			);
			path = Model;
			sourceTree = "<group>";
		};
		5D829A862085D9E9001993B6 /* View */ = {
			isa = PBXGroup;
			children = (
			);
			path = View;
			sourceTree = "<group>";
		};
		5D829A872085D9E9001993B6 /* Controller */ = {
			isa = PBXGroup;
			children = (
				5D829A912085DA47001993B6 /* MEDMineController.h */,
				5D829A922085DA47001993B6 /* MEDMineController.m */,
			);
			path = Controller;
			sourceTree = "<group>";
		};
		5D829A972085DCC6001993B6 /* Reachability */ = {
			isa = PBXGroup;
			children = (
				5D829A982085DCC6001993B6 /* Reachability.m */,
				5D829A992085DCC6001993B6 /* Reachability.h */,
			);
			path = Reachability;
			sourceTree = "<group>";
		};
		5D97AE862089C206007D586A /* MZMiddleButton(未使用) */ = {
			isa = PBXGroup;
			children = (
				5D97AE8A2089C493007D586A /* MZPlusButton.h */,
				5D97AE8B2089C493007D586A /* MZPlusButton.m */,
			);
			path = "MZMiddleButton(未使用)";
			sourceTree = "<group>";
		};
		5DC39F862091CE31000D1B26 /* SubController */ = {
			isa = PBXGroup;
			children = (
			);
			path = SubController;
			sourceTree = "<group>";
		};
		5DC39F8A2091CFBB000D1B26 /* RankScoreCell */ = {
			isa = PBXGroup;
			children = (
				5DC39F8E2091D56F000D1B26 /* MEDHomeRankScoreCell.h */,
				5DC39F8F2091D56F000D1B26 /* MEDHomeRankScoreCell.m */,
				5DC39F972092BFF9000D1B26 /* MEDScoreProgressBar.h */,
				5DC39F982092BFF9000D1B26 /* MEDScoreProgressBar.m */,
				5D8207AD2099536C00B84C1E /* MEDScoreOperationView.h */,
				5D8207AE2099536C00B84C1E /* MEDScoreOperationView.m */,
				5DC39F9A2092D637000D1B26 /* MEDScoreButton.h */,
				5DC39F9B2092D637000D1B26 /* MEDScoreButton.m */,
				5D8207E12099A50500B84C1E /* Compliance */,
				5D8207D22099A50500B84C1E /* LifeHabit */,
				5D8207BE2099A50500B84C1E /* Physiology */,
				5D8207B02099A50500B84C1E /* RankList */,
			);
			path = RankScoreCell;
			sourceTree = "<group>";
		};
		5DC39FA32093280B000D1B26 /* HealthQuestionnaire */ = {
			isa = PBXGroup;
			children = (
				5DC39FA42093289A000D1B26 /* MEDHealthQuestionnaireController.h */,
				5DC39FA52093289A000D1B26 /* MEDHealthQuestionnaireController.m */,
			);
			path = HealthQuestionnaire;
			sourceTree = "<group>";
		};
		B57C64CA421B6D48070A8489 /* Pods */ = {
			isa = PBXGroup;
			children = (
				0CCBCB3689727712DA7DC713 /* Pods-HealthStarButler.debug.xcconfig */,
				C5E2A29150B0069B66E3449E /* Pods-HealthStarButler.release.xcconfig */,
			);
			name = Pods;
			sourceTree = "<group>";
		};
		C304EF3E1EAF2A12195628D1 /* Frameworks */ = {
			isa = PBXGroup;
			children = (
				2B579027A93EBEB1273A4BD5 /* libPods-HealthStarButler.a */,
			);
			name = Frameworks;
			sourceTree = "<group>";
		};
/* End PBXGroup section */

/* Begin PBXNativeTarget section */
		5D829A1A2085C7D1001993B6 /* HealthStarButler */ = {
			isa = PBXNativeTarget;
			buildConfigurationList = 5D829A312085C7D1001993B6 /* Build configuration list for PBXNativeTarget "HealthStarButler" */;
			buildPhases = (
				FE589E07E4F36B2C354A5F3F /* [CP] Check Pods Manifest.lock */,
				5D829A172085C7D1001993B6 /* Sources */,
				5D829A182085C7D1001993B6 /* Frameworks */,
				5D829A192085C7D1001993B6 /* Resources */,
				68C15FD6DDB7DB2E9F430D81 /* [CP] Embed Pods Frameworks */,
				27A6FBC0BE5D556C47AE519A /* [CP] Copy Pods Resources */,
			);
			buildRules = (
			);
			dependencies = (
			);
			name = HealthStarButler;
			productName = HealthStarButler;
			productReference = 5D829A1B2085C7D1001993B6 /* HealthStarButler.app */;
			productType = "com.apple.product-type.application";
		};
/* End PBXNativeTarget section */

/* Begin PBXProject section */
		5D829A132085C7D1001993B6 /* Project object */ = {
			isa = PBXProject;
			attributes = {
				LastUpgradeCheck = 0930;
				ORGANIZATIONNAME = zhumuzhi;
				TargetAttributes = {
					5D829A1A2085C7D1001993B6 = {
						CreatedOnToolsVersion = 9.3;
					};
				};
			};
			buildConfigurationList = 5D829A162085C7D1001993B6 /* Build configuration list for PBXProject "HealthStarButler" */;
			compatibilityVersion = "Xcode 9.3";
			developmentRegion = en;
			hasScannedForEncodings = 0;
			knownRegions = (
				en,
				Base,
			);
			mainGroup = 5D829A122085C7D1001993B6;
			productRefGroup = 5D829A1C2085C7D1001993B6 /* Products */;
			projectDirPath = "";
			projectRoot = "";
			targets = (
				5D829A1A2085C7D1001993B6 /* HealthStarButler */,
			);
		};
/* End PBXProject section */

/* Begin PBXResourcesBuildPhase section */
		5D829A192085C7D1001993B6 /* Resources */ = {
			isa = PBXResourcesBuildPhase;
			buildActionMask = 2147483647;
			files = (
				5D8207F92099A50500B84C1E /* MEDHomePhysiologyweightCell.xib in Resources */,
				5D8208002099A50500B84C1E /* MEDHomeHabitSportCell.xib in Resources */,
				5D8207EE2099A50500B84C1E /* MEDCompanyRankCell.xib in Resources */,
				5D829A2B2085C7D1001993B6 /* LaunchScreen.storyboard in Resources */,
				5D8207F82099A50500B84C1E /* MEDHomePhysiologyBloodGlucoseCell.xib in Resources */,
				5D8208052099A50500B84C1E /* MEDHomeComplianceCell.xib in Resources */,
				5D829A282085C7D1001993B6 /* Assets.xcassets in Resources */,
				5D829A262085C7D1001993B6 /* Main.storyboard in Resources */,
				5D4A48252091AB03007DAD29 /* MEDManageHorizontalCell.xib in Resources */,
				5D8208022099A50500B84C1E /* MEDHomeHabitSleepCell.xib in Resources */,
				5D8207F62099A50500B84C1E /* MEDHomePhysiologyWaistlineCell.xib in Resources */,
				5D8207EF2099A50500B84C1E /* MEDCompanyRankHeadView.xib in Resources */,
				5D8208012099A50500B84C1E /* MEDHomeHabitFoodCell.xib in Resources */,
				5D8207F42099A50500B84C1E /* MEDHomePhysiologyBloodPressureCell.xib in Resources */,
				5D4A48242091AB03007DAD29 /* MEDManageVerticalCell.xib in Resources */,
			);
			runOnlyForDeploymentPostprocessing = 0;
		};
/* End PBXResourcesBuildPhase section */

/* Begin PBXShellScriptBuildPhase section */
		27A6FBC0BE5D556C47AE519A /* [CP] Copy Pods Resources */ = {
			isa = PBXShellScriptBuildPhase;
			buildActionMask = 2147483647;
			files = (
			);
			inputPaths = (
				"${SRCROOT}/Pods/Target Support Files/Pods-HealthStarButler/Pods-HealthStarButler-resources.sh",
				"${PODS_ROOT}/MJRefresh/MJRefresh/MJRefresh.bundle",
				"${PODS_ROOT}/SVProgressHUD/SVProgressHUD/SVProgressHUD.bundle",
			);
			name = "[CP] Copy Pods Resources";
			outputPaths = (
				"${TARGET_BUILD_DIR}/${UNLOCALIZED_RESOURCES_FOLDER_PATH}/MJRefresh.bundle",
				"${TARGET_BUILD_DIR}/${UNLOCALIZED_RESOURCES_FOLDER_PATH}/SVProgressHUD.bundle",
			);
			runOnlyForDeploymentPostprocessing = 0;
			shellPath = /bin/sh;
			shellScript = "\"${SRCROOT}/Pods/Target Support Files/Pods-HealthStarButler/Pods-HealthStarButler-resources.sh\"\n";
			showEnvVarsInLog = 0;
		};
		68C15FD6DDB7DB2E9F430D81 /* [CP] Embed Pods Frameworks */ = {
			isa = PBXShellScriptBuildPhase;
			buildActionMask = 2147483647;
			files = (
			);
			inputPaths = (
			);
			name = "[CP] Embed Pods Frameworks";
			outputPaths = (
			);
			runOnlyForDeploymentPostprocessing = 0;
			shellPath = /bin/sh;
			shellScript = "\"${SRCROOT}/Pods/Target Support Files/Pods-HealthStarButler/Pods-HealthStarButler-frameworks.sh\"\n";
			showEnvVarsInLog = 0;
		};
		FE589E07E4F36B2C354A5F3F /* [CP] Check Pods Manifest.lock */ = {
			isa = PBXShellScriptBuildPhase;
			buildActionMask = 2147483647;
			files = (
			);
			inputPaths = (
				"${PODS_PODFILE_DIR_PATH}/Podfile.lock",
				"${PODS_ROOT}/Manifest.lock",
			);
			name = "[CP] Check Pods Manifest.lock";
			outputPaths = (
				"$(DERIVED_FILE_DIR)/Pods-HealthStarButler-checkManifestLockResult.txt",
			);
			runOnlyForDeploymentPostprocessing = 0;
			shellPath = /bin/sh;
			shellScript = "diff \"${PODS_PODFILE_DIR_PATH}/Podfile.lock\" \"${PODS_ROOT}/Manifest.lock\" > /dev/null\nif [ $? != 0 ] ; then\n    # print error to STDERR\n    echo \"error: The sandbox is not in sync with the Podfile.lock. Run 'pod install' or update your CocoaPods installation.\" >&2\n    exit 1\nfi\n# This output is used by Xcode 'outputs' to avoid re-running this script phase.\necho \"SUCCESS\" > \"${SCRIPT_OUTPUT_FILE_0}\"\n";
			showEnvVarsInLog = 0;
		};
/* End PBXShellScriptBuildPhase section */

/* Begin PBXSourcesBuildPhase section */
		5D829A172085C7D1001993B6 /* Sources */ = {
			isa = PBXSourcesBuildPhase;
			buildActionMask = 2147483647;
			files = (
				5D97AE8C2089C493007D586A /* MZPlusButton.m in Sources */,
				5DC39FA220932773000D1B26 /* MEDBaseWebViewController.m in Sources */,
				5D4A47FC208F092A007DAD29 /* MEDUserLoginController.m in Sources */,
				5D8207FD2099A50500B84C1E /* MEDHomeHabitSportCell.m in Sources */,
				5D829A692085D8C9001993B6 /* MEDNavigationController.m in Sources */,
				5D4A480A20906142007DAD29 /* MEDMobileNumberTool.m in Sources */,
				5D8208032099A50500B84C1E /* MEDHomeComplianceController.m in Sources */,
				5D829A2E2085C7D1001993B6 /* main.m in Sources */,
				5D8207F72099A50500B84C1E /* MEDHomePhysiologyBloodPressureCell.m in Sources */,
				5D829A902085DA35001993B6 /* MEDInformationController.m in Sources */,
				5DC39F902091D56F000D1B26 /* MEDHomeRankScoreCell.m in Sources */,
				5D4A48212091AAFD007DAD29 /* MEDManageVerticalCell.m in Sources */,
				5D829A5E2085D73F001993B6 /* MEDNetClient.m in Sources */,
				5D1AC62E209ABA3B00FB16C9 /* MEDHomeMonitorCell.m in Sources */,
				5D8207F52099A50500B84C1E /* MEDHomePhysiologyWaistlineCell.m in Sources */,
				5D8207F12099A50500B84C1E /* MEDCompanyRankCell.m in Sources */,
				5DC39F992092BFF9000D1B26 /* MEDScoreProgressBar.m in Sources */,
				5D8207ED2099A50500B84C1E /* MEDCompanyRankModel.m in Sources */,
				5D8208042099A50500B84C1E /* MEDHomeComplianceModel.m in Sources */,
				5D829A752085D981001993B6 /* MEDConsultationController.m in Sources */,
				5D4A47FF208F0BC5007DAD29 /* MEDUserModel.m in Sources */,
				5D829A202085C7D1001993B6 /* AppDelegate.m in Sources */,
				5D8207FB2099A50500B84C1E /* MEDHomePhysiologyweightCell.m in Sources */,
				5D4A480D2090672E007DAD29 /* NSObject+MED.m in Sources */,
				5D8207F32099A50500B84C1E /* MEDHomePhysiologyModel.m in Sources */,
				5D829A5F2085D73F001993B6 /* MEDDataRequest.m in Sources */,
				5D829A8D2085DA21001993B6 /* MEDTreatmentGuideController.m in Sources */,
				5DC39F9C2092D637000D1B26 /* MEDScoreButton.m in Sources */,
				5D4A48202091AAFD007DAD29 /* MEDManageHorizontalCell.m in Sources */,
				5D829A652085D7E2001993B6 /* MEDTabBarControllerConfig.m in Sources */,
				5D8207F22099A50500B84C1E /* MEDHomePhysiologyController.m in Sources */,
				5D829A602085D73F001993B6 /* MEDNetStatusManager.m in Sources */,
				5D8207AF2099536C00B84C1E /* MEDScoreOperationView.m in Sources */,
				5D829A9A2085DCC6001993B6 /* Reachability.m in Sources */,
				5D8207FC2099A50500B84C1E /* MEDHomeLifeHabitController.m in Sources */,
				5D8207EC2099A50500B84C1E /* MEDCompanyRankingController.m in Sources */,
				5D829A962085DAC3001993B6 /* MEDManagementController.m in Sources */,
				5D829A9D2085E36B001993B6 /* MEDBaseViewController.m in Sources */,
				5D829A932085DA47001993B6 /* MEDMineController.m in Sources */,
				5D8208062099A50500B84C1E /* MEDHomeComplianceCell.m in Sources */,
				5D829A4B2085D5DB001993B6 /* UIView+MED.m in Sources */,
				5D8207FA2099A50500B84C1E /* MEDHomePhysiologyBloodGlucoseCell.m in Sources */,
				5D8207FE2099A50500B84C1E /* MEDHomeHabitFoodCell.m in Sources */,
				5D829A8A2085DA07001993B6 /* MEDHomePageController.m in Sources */,
				5D8207FF2099A50500B84C1E /* MEDHomeHabitSleepCell.m in Sources */,
				5DC39FA62093289A000D1B26 /* MEDHealthQuestionnaireController.m in Sources */,
				5D4A4811209070A0007DAD29 /* MEDProgressHUD.m in Sources */,
				5DC39F8D2091D10C000D1B26 /* MEDAlertMananger.m in Sources */,
				5D8207F02099A50500B84C1E /* MEDCompanyRankHeadView.m in Sources */,
				5DC39FAC209440F2000D1B26 /* blockTestViewController.m in Sources */,
				5D829A662085D7E2001993B6 /* MEDTabBarMidButton.m in Sources */,
			);
			runOnlyForDeploymentPostprocessing = 0;
		};
/* End PBXSourcesBuildPhase section */

/* Begin PBXVariantGroup section */
		5D829A242085C7D1001993B6 /* Main.storyboard */ = {
			isa = PBXVariantGroup;
			children = (
				5D829A252085C7D1001993B6 /* Base */,
			);
			name = Main.storyboard;
			sourceTree = "<group>";
		};
		5D829A292085C7D1001993B6 /* LaunchScreen.storyboard */ = {
			isa = PBXVariantGroup;
			children = (
				5D829A2A2085C7D1001993B6 /* Base */,
			);
			name = LaunchScreen.storyboard;
			sourceTree = "<group>";
		};
/* End PBXVariantGroup section */

/* Begin XCBuildConfiguration section */
		5D829A2F2085C7D1001993B6 /* Debug */ = {
			isa = XCBuildConfiguration;
			buildSettings = {
				ALWAYS_SEARCH_USER_PATHS = NO;
				CLANG_ANALYZER_NONNULL = YES;
				CLANG_ANALYZER_NUMBER_OBJECT_CONVERSION = YES_AGGRESSIVE;
				CLANG_CXX_LANGUAGE_STANDARD = "gnu++14";
				CLANG_CXX_LIBRARY = "libc++";
				CLANG_ENABLE_MODULES = YES;
				CLANG_ENABLE_OBJC_ARC = YES;
				CLANG_ENABLE_OBJC_WEAK = YES;
				CLANG_WARN_BLOCK_CAPTURE_AUTORELEASING = YES;
				CLANG_WARN_BOOL_CONVERSION = YES;
				CLANG_WARN_COMMA = YES;
				CLANG_WARN_CONSTANT_CONVERSION = YES;
				CLANG_WARN_DEPRECATED_OBJC_IMPLEMENTATIONS = YES;
				CLANG_WARN_DIRECT_OBJC_ISA_USAGE = YES_ERROR;
				CLANG_WARN_DOCUMENTATION_COMMENTS = YES;
				CLANG_WARN_EMPTY_BODY = YES;
				CLANG_WARN_ENUM_CONVERSION = YES;
				CLANG_WARN_INFINITE_RECURSION = YES;
				CLANG_WARN_INT_CONVERSION = YES;
				CLANG_WARN_NON_LITERAL_NULL_CONVERSION = YES;
				CLANG_WARN_OBJC_IMPLICIT_RETAIN_SELF = YES;
				CLANG_WARN_OBJC_LITERAL_CONVERSION = YES;
				CLANG_WARN_OBJC_ROOT_CLASS = YES_ERROR;
				CLANG_WARN_RANGE_LOOP_ANALYSIS = YES;
				CLANG_WARN_STRICT_PROTOTYPES = YES;
				CLANG_WARN_SUSPICIOUS_MOVE = YES;
				CLANG_WARN_UNGUARDED_AVAILABILITY = YES_AGGRESSIVE;
				CLANG_WARN_UNREACHABLE_CODE = YES;
				CLANG_WARN__DUPLICATE_METHOD_MATCH = YES;
				CODE_SIGN_IDENTITY = "iPhone Developer";
				COPY_PHASE_STRIP = NO;
				DEBUG_INFORMATION_FORMAT = dwarf;
				ENABLE_STRICT_OBJC_MSGSEND = YES;
				ENABLE_TESTABILITY = YES;
				GCC_C_LANGUAGE_STANDARD = gnu11;
				GCC_DYNAMIC_NO_PIC = NO;
				GCC_NO_COMMON_BLOCKS = YES;
				GCC_OPTIMIZATION_LEVEL = 0;
				GCC_PREPROCESSOR_DEFINITIONS = (
					"DEBUG=1",
					"$(inherited)",
				);
				GCC_WARN_64_TO_32_BIT_CONVERSION = YES;
				GCC_WARN_ABOUT_RETURN_TYPE = YES_ERROR;
				GCC_WARN_UNDECLARED_SELECTOR = YES;
				GCC_WARN_UNINITIALIZED_AUTOS = YES_AGGRESSIVE;
				GCC_WARN_UNUSED_FUNCTION = YES;
				GCC_WARN_UNUSED_VARIABLE = YES;
				IPHONEOS_DEPLOYMENT_TARGET = 9.0;
				MTL_ENABLE_DEBUG_INFO = YES;
				ONLY_ACTIVE_ARCH = YES;
				SDKROOT = iphoneos;
			};
			name = Debug;
		};
		5D829A302085C7D1001993B6 /* Release */ = {
			isa = XCBuildConfiguration;
			buildSettings = {
				ALWAYS_SEARCH_USER_PATHS = NO;
				CLANG_ANALYZER_NONNULL = YES;
				CLANG_ANALYZER_NUMBER_OBJECT_CONVERSION = YES_AGGRESSIVE;
				CLANG_CXX_LANGUAGE_STANDARD = "gnu++14";
				CLANG_CXX_LIBRARY = "libc++";
				CLANG_ENABLE_MODULES = YES;
				CLANG_ENABLE_OBJC_ARC = YES;
				CLANG_ENABLE_OBJC_WEAK = YES;
				CLANG_WARN_BLOCK_CAPTURE_AUTORELEASING = YES;
				CLANG_WARN_BOOL_CONVERSION = YES;
				CLANG_WARN_COMMA = YES;
				CLANG_WARN_CONSTANT_CONVERSION = YES;
				CLANG_WARN_DEPRECATED_OBJC_IMPLEMENTATIONS = YES;
				CLANG_WARN_DIRECT_OBJC_ISA_USAGE = YES_ERROR;
				CLANG_WARN_DOCUMENTATION_COMMENTS = YES;
				CLANG_WARN_EMPTY_BODY = YES;
				CLANG_WARN_ENUM_CONVERSION = YES;
				CLANG_WARN_INFINITE_RECURSION = YES;
				CLANG_WARN_INT_CONVERSION = YES;
				CLANG_WARN_NON_LITERAL_NULL_CONVERSION = YES;
				CLANG_WARN_OBJC_IMPLICIT_RETAIN_SELF = YES;
				CLANG_WARN_OBJC_LITERAL_CONVERSION = YES;
				CLANG_WARN_OBJC_ROOT_CLASS = YES_ERROR;
				CLANG_WARN_RANGE_LOOP_ANALYSIS = YES;
				CLANG_WARN_STRICT_PROTOTYPES = YES;
				CLANG_WARN_SUSPICIOUS_MOVE = YES;
				CLANG_WARN_UNGUARDED_AVAILABILITY = YES_AGGRESSIVE;
				CLANG_WARN_UNREACHABLE_CODE = YES;
				CLANG_WARN__DUPLICATE_METHOD_MATCH = YES;
				CODE_SIGN_IDENTITY = "iPhone Developer";
				COPY_PHASE_STRIP = NO;
				DEBUG_INFORMATION_FORMAT = "dwarf-with-dsym";
				ENABLE_NS_ASSERTIONS = NO;
				ENABLE_STRICT_OBJC_MSGSEND = YES;
				GCC_C_LANGUAGE_STANDARD = gnu11;
				GCC_NO_COMMON_BLOCKS = YES;
				GCC_WARN_64_TO_32_BIT_CONVERSION = YES;
				GCC_WARN_ABOUT_RETURN_TYPE = YES_ERROR;
				GCC_WARN_UNDECLARED_SELECTOR = YES;
				GCC_WARN_UNINITIALIZED_AUTOS = YES_AGGRESSIVE;
				GCC_WARN_UNUSED_FUNCTION = YES;
				GCC_WARN_UNUSED_VARIABLE = YES;
				IPHONEOS_DEPLOYMENT_TARGET = 9.0;
				MTL_ENABLE_DEBUG_INFO = NO;
				SDKROOT = iphoneos;
				VALIDATE_PRODUCT = YES;
			};
			name = Release;
		};
		5D829A322085C7D1001993B6 /* Debug */ = {
			isa = XCBuildConfiguration;
			baseConfigurationReference = 0CCBCB3689727712DA7DC713 /* Pods-HealthStarButler.debug.xcconfig */;
			buildSettings = {
				ASSETCATALOG_COMPILER_APPICON_NAME = AppIcon;
				CODE_SIGN_STYLE = Automatic;
				DEVELOPMENT_TEAM = GFW576JD52;
				GCC_PREFIX_HEADER = "$(SRCROOT)/HealthStarButler/Classes/Commons/HealthStarButler-Prefix.pch";
				INFOPLIST_FILE = "$(SRCROOT)/HealthStarButler/Classes/Supporting Files/Info.plist";
				LD_RUNPATH_SEARCH_PATHS = (
					"$(inherited)",
					"@executable_path/Frameworks",
				);
				PRODUCT_BUNDLE_IDENTIFIER = com.zhumuzhi.HealthStarButler;
				PRODUCT_NAME = "$(TARGET_NAME)";
				TARGETED_DEVICE_FAMILY = 1;
			};
			name = Debug;
		};
		5D829A332085C7D1001993B6 /* Release */ = {
			isa = XCBuildConfiguration;
			baseConfigurationReference = C5E2A29150B0069B66E3449E /* Pods-HealthStarButler.release.xcconfig */;
			buildSettings = {
				ASSETCATALOG_COMPILER_APPICON_NAME = AppIcon;
				CODE_SIGN_STYLE = Automatic;
				DEVELOPMENT_TEAM = GFW576JD52;
				GCC_PREFIX_HEADER = "$(SRCROOT)/HealthStarButler/Classes/Commons/HealthStarButler-Prefix.pch";
				INFOPLIST_FILE = "$(SRCROOT)/HealthStarButler/Classes/Supporting Files/Info.plist";
				LD_RUNPATH_SEARCH_PATHS = (
					"$(inherited)",
					"@executable_path/Frameworks",
				);
				PRODUCT_BUNDLE_IDENTIFIER = com.zhumuzhi.HealthStarButler;
				PRODUCT_NAME = "$(TARGET_NAME)";
				TARGETED_DEVICE_FAMILY = 1;
			};
			name = Release;
		};
/* End XCBuildConfiguration section */

/* Begin XCConfigurationList section */
		5D829A162085C7D1001993B6 /* Build configuration list for PBXProject "HealthStarButler" */ = {
			isa = XCConfigurationList;
			buildConfigurations = (
				5D829A2F2085C7D1001993B6 /* Debug */,
				5D829A302085C7D1001993B6 /* Release */,
			);
			defaultConfigurationIsVisible = 0;
			defaultConfigurationName = Release;
		};
		5D829A312085C7D1001993B6 /* Build configuration list for PBXNativeTarget "HealthStarButler" */ = {
			isa = XCConfigurationList;
			buildConfigurations = (
				5D829A322085C7D1001993B6 /* Debug */,
				5D829A332085C7D1001993B6 /* Release */,
			);
			defaultConfigurationIsVisible = 0;
			defaultConfigurationName = Release;
		};
/* End XCConfigurationList section */
	};
	rootObject = 5D829A132085C7D1001993B6 /* Project object */;
}
